
Microsoft Visual Studio Solution File, Format Version 12.00
# Visual Studio 14
VisualStudioVersion = 14.0.25420.1
MinimumVisualStudioVersion = 10.0.40219.1
Project("{FAE04EC0-301F-11D3-BF4B-00C04F79EFBC}") = "Postgres.NET", "Postgres.NET\Postgres.NET.csproj", "{45C35D03-8026-4A77-AADF-9773A4284354}"
EndProject
Project("{FAE04EC0-301F-11D3-BF4B-00C04F79EFBC}") = "Postgres.NET.Console", "Postgres.NET.Console\Postgres.NET.Console.csproj", "{AE125B65-77CC-45DD-98CA-C3E224FD1C5E}"
EndProject
Global
	GlobalSection(SolutionConfigurationPlatforms) = preSolution
		Debug|Any CPU = Debug|Any CPU
		Release|Any CPU = Release|Any CPU
	EndGlobalSection
	GlobalSection(ProjectConfigurationPlatforms) = postSolution
		{45C35D03-8026-4A77-AADF-9773A4284354}.Debug|Any CPU.ActiveCfg = Debug|Any CPU
		{45C35D03-8026-4A77-AADF-9773A4284354}.Debug|Any CPU.Build.0 = Debug|Any CPU
		{45C35D03-8026-4A77-AADF-9773A4284354}.Release|Any CPU.ActiveCfg = Release|Any CPU
		{45C35D03-8026-4A77-AADF-9773A4284354}.Release|Any CPU.Build.0 = Release|Any CPU
		{AE125B65-77CC-45DD-98CA-C3E224FD1C5E}.Debug|Any CPU.ActiveCfg = Debug|Any CPU
		{AE125B65-77CC-45DD-98CA-C3E224FD1C5E}.Debug|Any CPU.Build.0 = Debug|Any CPU
		{AE125B65-77CC-45DD-98CA-C3E224FD1C5E}.Release|Any CPU.ActiveCfg = Release|Any CPU
		{AE125B65-77CC-45DD-98CA-C3E224FD1C5E}.Release|Any CPU.Build.0 = Release|Any CPU
	EndGlobalSection
	GlobalSection(SolutionProperties) = preSolution
		HideSolutionNode = FALSE
	EndGlobalSection
EndGlobal
